
Microsoft Visual Studio Solution File, Format Version 12.00
# Visual Studio Version 17
VisualStudioVersion = 17.7.34031.279
MinimumVisualStudioVersion = 10.0.40219.1
Project("{FAE04EC0-301F-11D3-BF4B-00C04F79EFBC}") = "SeProject1", "SeProject1\SeProject1.csproj", "{23298557-B037-438D-BDCA-616B87B2E280}"
EndProject
Global
	GlobalSection(SolutionConfigurationPlatforms) = preSolution
		Debug|Any CPU = Debug|Any CPU
		Release|Any CPU = Release|Any CPU
	EndGlobalSection
	GlobalSection(ProjectConfigurationPlatforms) = postSolution
		{23298557-B037-438D-BDCA-616B87B2E280}.Debug|Any CPU.ActiveCfg = Debug|Any CPU
		{23298557-B037-438D-BDCA-616B87B2E280}.Debug|Any CPU.Build.0 = Debug|Any CPU
		{23298557-B037-438D-BDCA-616B87B2E280}.Release|Any CPU.ActiveCfg = Release|Any CPU
		{23298557-B037-438D-BDCA-616B87B2E280}.Release|Any CPU.Build.0 = Release|Any CPU
	EndGlobalSection
	GlobalSection(SolutionProperties) = preSolution
		HideSolutionNode = FALSE
	EndGlobalSection
	GlobalSection(ExtensibilityGlobals) = postSolution
		SolutionGuid = {49407AF4-CC01-41DC-A547-B4113B023580}
	EndGlobalSection
EndGlobal
